
Microsoft Visual Studio Solution File, Format Version 12.00
# Visual Studio Version 17
VisualStudioVersion = 17.4.33403.182
MinimumVisualStudioVersion = 10.0.40219.1
Project("{FAE04EC0-301F-11D3-BF4B-00C04F79EFBC}") = "ConvertThreadToFiber", "ConvertThreadToFiber\ConvertThreadToFiber.csproj", "{71A2732B-A639-4A14-91AD-F0BE39076C12}"
EndProject
Global
	GlobalSection(SolutionConfigurationPlatforms) = preSolution
		Debug|Any CPU = Debug|Any CPU
		Debug|x64 = Debug|x64
		Release|Any CPU = Release|Any CPU
		Release|x64 = Release|x64
	EndGlobalSection
	GlobalSection(ProjectConfigurationPlatforms) = postSolution
		{71A2732B-A639-4A14-91AD-F0BE39076C12}.Debug|Any CPU.ActiveCfg = Debug|Any CPU
		{71A2732B-A639-4A14-91AD-F0BE39076C12}.Debug|Any CPU.Build.0 = Debug|Any CPU
		{71A2732B-A639-4A14-91AD-F0BE39076C12}.Debug|x64.ActiveCfg = Debug|x64
		{71A2732B-A639-4A14-91AD-F0BE39076C12}.Debug|x64.Build.0 = Debug|x64
		{71A2732B-A639-4A14-91AD-F0BE39076C12}.Release|Any CPU.ActiveCfg = Release|Any CPU
		{71A2732B-A639-4A14-91AD-F0BE39076C12}.Release|Any CPU.Build.0 = Release|Any CPU
		{71A2732B-A639-4A14-91AD-F0BE39076C12}.Release|x64.ActiveCfg = Release|x64
		{71A2732B-A639-4A14-91AD-F0BE39076C12}.Release|x64.Build.0 = Release|x64
	EndGlobalSection
	GlobalSection(SolutionProperties) = preSolution
		HideSolutionNode = FALSE
	EndGlobalSection
	GlobalSection(ExtensibilityGlobals) = postSolution
		SolutionGuid = {C2867E58-1B16-4D42-B2F0-178D4D879B46}
	EndGlobalSection
EndGlobal
