
Microsoft Visual Studio Solution File, Format Version 12.00
# Visual Studio Version 17
VisualStudioVersion = 17.4.33403.182
MinimumVisualStudioVersion = 10.0.40219.1
Project("{FAE04EC0-301F-11D3-BF4B-00C04F79EFBC}") = "EnumResourceTypesExW", "EnumResourceTypesExW\EnumResourceTypesExW.csproj", "{706C6931-4C08-4CB0-97CA-1B32F52B9403}"
EndProject
Global
	GlobalSection(SolutionConfigurationPlatforms) = preSolution
		Debug|Any CPU = Debug|Any CPU
		Debug|x64 = Debug|x64
		Release|Any CPU = Release|Any CPU
		Release|x64 = Release|x64
	EndGlobalSection
	GlobalSection(ProjectConfigurationPlatforms) = postSolution
		{706C6931-4C08-4CB0-97CA-1B32F52B9403}.Debug|Any CPU.ActiveCfg = Debug|Any CPU
		{706C6931-4C08-4CB0-97CA-1B32F52B9403}.Debug|Any CPU.Build.0 = Debug|Any CPU
		{706C6931-4C08-4CB0-97CA-1B32F52B9403}.Debug|x64.ActiveCfg = Debug|x64
		{706C6931-4C08-4CB0-97CA-1B32F52B9403}.Debug|x64.Build.0 = Debug|x64
		{706C6931-4C08-4CB0-97CA-1B32F52B9403}.Release|Any CPU.ActiveCfg = Release|Any CPU
		{706C6931-4C08-4CB0-97CA-1B32F52B9403}.Release|Any CPU.Build.0 = Release|Any CPU
		{706C6931-4C08-4CB0-97CA-1B32F52B9403}.Release|x64.ActiveCfg = Release|x64
		{706C6931-4C08-4CB0-97CA-1B32F52B9403}.Release|x64.Build.0 = Release|x64
	EndGlobalSection
	GlobalSection(SolutionProperties) = preSolution
		HideSolutionNode = FALSE
	EndGlobalSection
	GlobalSection(ExtensibilityGlobals) = postSolution
		SolutionGuid = {BFF3E828-FDDC-4BE2-A47C-2A77C21C3C33}
	EndGlobalSection
EndGlobal
