
Microsoft Visual Studio Solution File, Format Version 12.00
# Visual Studio Version 17
VisualStudioVersion = 17.4.33403.182
MinimumVisualStudioVersion = 10.0.40219.1
Project("{FAE04EC0-301F-11D3-BF4B-00C04F79EFBC}") = "EnumWindows", "EnumWindows\EnumWindows.csproj", "{AE92DFAF-D9FD-4B98-929F-90E50502DA78}"
EndProject
Global
	GlobalSection(SolutionConfigurationPlatforms) = preSolution
		Debug|Any CPU = Debug|Any CPU
		Debug|x64 = Debug|x64
		Release|Any CPU = Release|Any CPU
		Release|x64 = Release|x64
	EndGlobalSection
	GlobalSection(ProjectConfigurationPlatforms) = postSolution
		{AE92DFAF-D9FD-4B98-929F-90E50502DA78}.Debug|Any CPU.ActiveCfg = Debug|Any CPU
		{AE92DFAF-D9FD-4B98-929F-90E50502DA78}.Debug|Any CPU.Build.0 = Debug|Any CPU
		{AE92DFAF-D9FD-4B98-929F-90E50502DA78}.Debug|x64.ActiveCfg = Debug|x64
		{AE92DFAF-D9FD-4B98-929F-90E50502DA78}.Debug|x64.Build.0 = Debug|x64
		{AE92DFAF-D9FD-4B98-929F-90E50502DA78}.Release|Any CPU.ActiveCfg = Release|Any CPU
		{AE92DFAF-D9FD-4B98-929F-90E50502DA78}.Release|Any CPU.Build.0 = Release|Any CPU
		{AE92DFAF-D9FD-4B98-929F-90E50502DA78}.Release|x64.ActiveCfg = Release|x64
		{AE92DFAF-D9FD-4B98-929F-90E50502DA78}.Release|x64.Build.0 = Release|x64
	EndGlobalSection
	GlobalSection(SolutionProperties) = preSolution
		HideSolutionNode = FALSE
	EndGlobalSection
	GlobalSection(ExtensibilityGlobals) = postSolution
		SolutionGuid = {CEF550D5-0C7F-4468-9E5F-2F6FC8BDBD48}
	EndGlobalSection
EndGlobal
