
Microsoft Visual Studio Solution File, Format Version 12.00
# Visual Studio Version 17
VisualStudioVersion = 17.4.33403.182
MinimumVisualStudioVersion = 10.0.40219.1
Project("{FAE04EC0-301F-11D3-BF4B-00C04F79EFBC}") = "EnumWindowStationsW", "EnumWindowStationsW\EnumWindowStationsW.csproj", "{1355E1AE-4829-4F66-995D-9666F9721CF3}"
EndProject
Global
	GlobalSection(SolutionConfigurationPlatforms) = preSolution
		Debug|Any CPU = Debug|Any CPU
		Debug|x64 = Debug|x64
		Release|Any CPU = Release|Any CPU
		Release|x64 = Release|x64
	EndGlobalSection
	GlobalSection(ProjectConfigurationPlatforms) = postSolution
		{1355E1AE-4829-4F66-995D-9666F9721CF3}.Debug|Any CPU.ActiveCfg = Debug|Any CPU
		{1355E1AE-4829-4F66-995D-9666F9721CF3}.Debug|Any CPU.Build.0 = Debug|Any CPU
		{1355E1AE-4829-4F66-995D-9666F9721CF3}.Debug|x64.ActiveCfg = Debug|x64
		{1355E1AE-4829-4F66-995D-9666F9721CF3}.Debug|x64.Build.0 = Debug|x64
		{1355E1AE-4829-4F66-995D-9666F9721CF3}.Release|Any CPU.ActiveCfg = Release|Any CPU
		{1355E1AE-4829-4F66-995D-9666F9721CF3}.Release|Any CPU.Build.0 = Release|Any CPU
		{1355E1AE-4829-4F66-995D-9666F9721CF3}.Release|x64.ActiveCfg = Release|x64
		{1355E1AE-4829-4F66-995D-9666F9721CF3}.Release|x64.Build.0 = Release|x64
	EndGlobalSection
	GlobalSection(SolutionProperties) = preSolution
		HideSolutionNode = FALSE
	EndGlobalSection
	GlobalSection(ExtensibilityGlobals) = postSolution
		SolutionGuid = {B28DDF44-874B-4C8A-866E-1F773285A55D}
	EndGlobalSection
EndGlobal
