
Microsoft Visual Studio Solution File, Format Version 12.00
# Visual Studio Version 17
VisualStudioVersion = 17.4.33403.182
MinimumVisualStudioVersion = 10.0.40219.1
Project("{FAE04EC0-301F-11D3-BF4B-00C04F79EFBC}") = "GrayStringW", "GrayStringW\GrayStringW.csproj", "{5B6F1100-D426-4AC0-A47C-88DA2470D7C0}"
EndProject
Global
	GlobalSection(SolutionConfigurationPlatforms) = preSolution
		Debug|Any CPU = Debug|Any CPU
		Debug|x64 = Debug|x64
		Release|Any CPU = Release|Any CPU
		Release|x64 = Release|x64
	EndGlobalSection
	GlobalSection(ProjectConfigurationPlatforms) = postSolution
		{5B6F1100-D426-4AC0-A47C-88DA2470D7C0}.Debug|Any CPU.ActiveCfg = Debug|Any CPU
		{5B6F1100-D426-4AC0-A47C-88DA2470D7C0}.Debug|Any CPU.Build.0 = Debug|Any CPU
		{5B6F1100-D426-4AC0-A47C-88DA2470D7C0}.Debug|x64.ActiveCfg = Debug|x64
		{5B6F1100-D426-4AC0-A47C-88DA2470D7C0}.Debug|x64.Build.0 = Debug|x64
		{5B6F1100-D426-4AC0-A47C-88DA2470D7C0}.Release|Any CPU.ActiveCfg = Release|Any CPU
		{5B6F1100-D426-4AC0-A47C-88DA2470D7C0}.Release|Any CPU.Build.0 = Release|Any CPU
		{5B6F1100-D426-4AC0-A47C-88DA2470D7C0}.Release|x64.ActiveCfg = Release|x64
		{5B6F1100-D426-4AC0-A47C-88DA2470D7C0}.Release|x64.Build.0 = Release|x64
	EndGlobalSection
	GlobalSection(SolutionProperties) = preSolution
		HideSolutionNode = FALSE
	EndGlobalSection
	GlobalSection(ExtensibilityGlobals) = postSolution
		SolutionGuid = {A8471FE7-CE81-4F2F-A3DB-EDC620890E17}
	EndGlobalSection
EndGlobal
