
Microsoft Visual Studio Solution File, Format Version 12.00
# Visual Studio Version 17
VisualStudioVersion = 17.4.33403.182
MinimumVisualStudioVersion = 10.0.40219.1
Project("{FAE04EC0-301F-11D3-BF4B-00C04F79EFBC}") = "EnumFontFamiliesExW", "EnumFontFamiliesExW\EnumFontFamiliesExW.csproj", "{C3A1F31A-B99A-4D82-80AA-8F60BB748DCB}"
EndProject
Global
	GlobalSection(SolutionConfigurationPlatforms) = preSolution
		Debug|Any CPU = Debug|Any CPU
		Debug|x64 = Debug|x64
		Release|Any CPU = Release|Any CPU
		Release|x64 = Release|x64
	EndGlobalSection
	GlobalSection(ProjectConfigurationPlatforms) = postSolution
		{C3A1F31A-B99A-4D82-80AA-8F60BB748DCB}.Debug|Any CPU.ActiveCfg = Debug|Any CPU
		{C3A1F31A-B99A-4D82-80AA-8F60BB748DCB}.Debug|Any CPU.Build.0 = Debug|Any CPU
		{C3A1F31A-B99A-4D82-80AA-8F60BB748DCB}.Debug|x64.ActiveCfg = Debug|x64
		{C3A1F31A-B99A-4D82-80AA-8F60BB748DCB}.Debug|x64.Build.0 = Debug|x64
		{C3A1F31A-B99A-4D82-80AA-8F60BB748DCB}.Release|Any CPU.ActiveCfg = Release|Any CPU
		{C3A1F31A-B99A-4D82-80AA-8F60BB748DCB}.Release|Any CPU.Build.0 = Release|Any CPU
		{C3A1F31A-B99A-4D82-80AA-8F60BB748DCB}.Release|x64.ActiveCfg = Release|x64
		{C3A1F31A-B99A-4D82-80AA-8F60BB748DCB}.Release|x64.Build.0 = Release|x64
	EndGlobalSection
	GlobalSection(SolutionProperties) = preSolution
		HideSolutionNode = FALSE
	EndGlobalSection
	GlobalSection(ExtensibilityGlobals) = postSolution
		SolutionGuid = {67BAD291-2F1D-44F6-AC30-C157406FF76A}
	EndGlobalSection
EndGlobal
