
Microsoft Visual Studio Solution File, Format Version 12.00
# Visual Studio Version 17
VisualStudioVersion = 17.4.33403.182
MinimumVisualStudioVersion = 10.0.40219.1
Project("{FAE04EC0-301F-11D3-BF4B-00C04F79EFBC}") = "EnumSystemGeoNames", "EnumSystemGeoNames\EnumSystemGeoNames.csproj", "{B0765B8D-7902-4C76-8321-A89382F2ABA4}"
EndProject
Global
	GlobalSection(SolutionConfigurationPlatforms) = preSolution
		Debug|Any CPU = Debug|Any CPU
		Debug|x64 = Debug|x64
		Release|Any CPU = Release|Any CPU
		Release|x64 = Release|x64
	EndGlobalSection
	GlobalSection(ProjectConfigurationPlatforms) = postSolution
		{B0765B8D-7902-4C76-8321-A89382F2ABA4}.Debug|Any CPU.ActiveCfg = Debug|Any CPU
		{B0765B8D-7902-4C76-8321-A89382F2ABA4}.Debug|Any CPU.Build.0 = Debug|Any CPU
		{B0765B8D-7902-4C76-8321-A89382F2ABA4}.Debug|x64.ActiveCfg = Debug|x64
		{B0765B8D-7902-4C76-8321-A89382F2ABA4}.Debug|x64.Build.0 = Debug|x64
		{B0765B8D-7902-4C76-8321-A89382F2ABA4}.Release|Any CPU.ActiveCfg = Release|Any CPU
		{B0765B8D-7902-4C76-8321-A89382F2ABA4}.Release|Any CPU.Build.0 = Release|Any CPU
		{B0765B8D-7902-4C76-8321-A89382F2ABA4}.Release|x64.ActiveCfg = Release|x64
		{B0765B8D-7902-4C76-8321-A89382F2ABA4}.Release|x64.Build.0 = Release|x64
	EndGlobalSection
	GlobalSection(SolutionProperties) = preSolution
		HideSolutionNode = FALSE
	EndGlobalSection
	GlobalSection(ExtensibilityGlobals) = postSolution
		SolutionGuid = {F8CAD6F0-07F8-4E3F-9C5E-716E8B9BC4BA}
	EndGlobalSection
EndGlobal
