
Microsoft Visual Studio Solution File, Format Version 12.00
# Visual Studio Version 17
VisualStudioVersion = 17.4.33403.182
MinimumVisualStudioVersion = 10.0.40219.1
Project("{FAE04EC0-301F-11D3-BF4B-00C04F79EFBC}") = "EnumResourceTypesW", "EnumResourceTypesW\EnumResourceTypesW.csproj", "{F16E3F01-8880-4DB2-9ADC-9EBF58298171}"
EndProject
Global
	GlobalSection(SolutionConfigurationPlatforms) = preSolution
		Debug|Any CPU = Debug|Any CPU
		Debug|x64 = Debug|x64
		Release|Any CPU = Release|Any CPU
		Release|x64 = Release|x64
	EndGlobalSection
	GlobalSection(ProjectConfigurationPlatforms) = postSolution
		{F16E3F01-8880-4DB2-9ADC-9EBF58298171}.Debug|Any CPU.ActiveCfg = Debug|Any CPU
		{F16E3F01-8880-4DB2-9ADC-9EBF58298171}.Debug|Any CPU.Build.0 = Debug|Any CPU
		{F16E3F01-8880-4DB2-9ADC-9EBF58298171}.Debug|x64.ActiveCfg = Debug|x64
		{F16E3F01-8880-4DB2-9ADC-9EBF58298171}.Debug|x64.Build.0 = Debug|x64
		{F16E3F01-8880-4DB2-9ADC-9EBF58298171}.Release|Any CPU.ActiveCfg = Release|Any CPU
		{F16E3F01-8880-4DB2-9ADC-9EBF58298171}.Release|Any CPU.Build.0 = Release|Any CPU
		{F16E3F01-8880-4DB2-9ADC-9EBF58298171}.Release|x64.ActiveCfg = Release|x64
		{F16E3F01-8880-4DB2-9ADC-9EBF58298171}.Release|x64.Build.0 = Release|x64
	EndGlobalSection
	GlobalSection(SolutionProperties) = preSolution
		HideSolutionNode = FALSE
	EndGlobalSection
	GlobalSection(ExtensibilityGlobals) = postSolution
		SolutionGuid = {2292021D-A0AA-4A33-B536-C31283E9F9A9}
	EndGlobalSection
EndGlobal
