
Microsoft Visual Studio Solution File, Format Version 12.00
# Visual Studio Version 17
VisualStudioVersion = 17.4.33403.182
MinimumVisualStudioVersion = 10.0.40219.1
Project("{FAE04EC0-301F-11D3-BF4B-00C04F79EFBC}") = "LineDDA", "LineDDA\LineDDA.csproj", "{5C806A79-393D-465A-A0F7-9456B0D31D39}"
EndProject
Global
	GlobalSection(SolutionConfigurationPlatforms) = preSolution
		Debug|Any CPU = Debug|Any CPU
		Debug|x64 = Debug|x64
		Release|Any CPU = Release|Any CPU
		Release|x64 = Release|x64
	EndGlobalSection
	GlobalSection(ProjectConfigurationPlatforms) = postSolution
		{5C806A79-393D-465A-A0F7-9456B0D31D39}.Debug|Any CPU.ActiveCfg = Debug|Any CPU
		{5C806A79-393D-465A-A0F7-9456B0D31D39}.Debug|Any CPU.Build.0 = Debug|Any CPU
		{5C806A79-393D-465A-A0F7-9456B0D31D39}.Debug|x64.ActiveCfg = Debug|x64
		{5C806A79-393D-465A-A0F7-9456B0D31D39}.Debug|x64.Build.0 = Debug|x64
		{5C806A79-393D-465A-A0F7-9456B0D31D39}.Release|Any CPU.ActiveCfg = Release|Any CPU
		{5C806A79-393D-465A-A0F7-9456B0D31D39}.Release|Any CPU.Build.0 = Release|Any CPU
		{5C806A79-393D-465A-A0F7-9456B0D31D39}.Release|x64.ActiveCfg = Release|x64
		{5C806A79-393D-465A-A0F7-9456B0D31D39}.Release|x64.Build.0 = Release|x64
	EndGlobalSection
	GlobalSection(SolutionProperties) = preSolution
		HideSolutionNode = FALSE
	EndGlobalSection
	GlobalSection(ExtensibilityGlobals) = postSolution
		SolutionGuid = {087F71A6-2230-4C17-B568-54A5539E7D49}
	EndGlobalSection
EndGlobal
